# This file is automatically @generated by Cargo.
# It is not intended for manual editing.
[[package]]
name = "aos-kernel"
version = "0.1.0"
dependencies = [
 "console-traits 0.3.0 (registry+https://github.com/rust-lang/crates.io-index)",
 "cortex-a 2.6.0 (git+https://github.com/AlbanSeurat/cortex-a?branch=ttbr1_el1)",
 "font8x8 0.2.5 (registry+https://github.com/rust-lang/crates.io-index)",
 "r0 0.2.2 (registry+https://github.com/rust-lang/crates.io-index)",
 "register 0.3.3 (registry+https://github.com/rust-lang/crates.io-index)",
]

[[package]]
name = "console-traits"
version = "0.3.0"
source = "registry+https://github.com/rust-lang/crates.io-index"

[[package]]
name = "cortex-a"
version = "2.6.0"
source = "git+https://github.com/AlbanSeurat/cortex-a?branch=ttbr1_el1#8e63860931c0eaaf828f9636c1aec23b793afc7d"
dependencies = [
 "register 0.3.3 (registry+https://github.com/rust-lang/crates.io-index)",
]

[[package]]
name = "font8x8"
version = "0.2.5"
source = "registry+https://github.com/rust-lang/crates.io-index"

[[package]]
name = "r0"
version = "0.2.2"
source = "registry+https://github.com/rust-lang/crates.io-index"

[[package]]
name = "register"
version = "0.3.3"
source = "registry+https://github.com/rust-lang/crates.io-index"
dependencies = [
 "tock-registers 0.3.0 (registry+https://github.com/rust-lang/crates.io-index)",
]

[[package]]
name = "tock-registers"
version = "0.3.0"
source = "registry+https://github.com/rust-lang/crates.io-index"

[metadata]
"checksum console-traits 0.3.0 (registry+https://github.com/rust-lang/crates.io-index)" = "f711b3d1d5c3f7ae7d6428901c0f3e5d5f5c800fcfac86bf0252e96373a2cec6"
"checksum cortex-a 2.6.0 (git+https://github.com/AlbanSeurat/cortex-a?branch=ttbr1_el1)" = "<none>"
"checksum font8x8 0.2.5 (registry+https://github.com/rust-lang/crates.io-index)" = "44226c40489fb1d602344a1d8f1b544570c3435e396dda1eda7b5ef010d8f1be"
"checksum r0 0.2.2 (registry+https://github.com/rust-lang/crates.io-index)" = "e2a38df5b15c8d5c7e8654189744d8e396bddc18ad48041a500ce52d6948941f"
"checksum register 0.3.3 (registry+https://github.com/rust-lang/crates.io-index)" = "469bb5ddde81d67fb8bba4e14d77689b8166cfd077abe7530591cefe29d05823"
"checksum tock-registers 0.3.0 (registry+https://github.com/rust-lang/crates.io-index)" = "c758f5195a2e0df9d9fecf6f506506b2766ff74cf64db1e995c87e2761a5c3e2"
